// !$*UTF8*$!
{
	archiveVersion = 1;
	classes = {
	};
	objectVersion = 46;
	objects = {

/* Begin PBXBuildFile section */
		3D34590276EBA9B8F4B946CF /* Pods_PassTheLaughTests.framework in Frameworks */ = {isa = PBXBuildFile; fileRef = B5BBFF9061CA6BCF1808EDD9 /* Pods_PassTheLaughTests.framework */; };
		4F731745E3A25DD41BDCD1E1 /* Pods_PassTheLaugh.framework in Frameworks */ = {isa = PBXBuildFile; fileRef = 54451268C645D5C42DF67EC2 /* Pods_PassTheLaugh.framework */; };
		7D4BC8C01D4E9E030008DD9B /* AppDelegate.swift in Sources */ = {isa = PBXBuildFile; fileRef = 7D4BC8BF1D4E9E030008DD9B /* AppDelegate.swift */; };
		7D4BC8C21D4E9E030008DD9B /* ViewController.swift in Sources */ = {isa = PBXBuildFile; fileRef = 7D4BC8C11D4E9E030008DD9B /* ViewController.swift */; };
		7D4BC8C51D4E9E030008DD9B /* Main.storyboard in Resources */ = {isa = PBXBuildFile; fileRef = 7D4BC8C31D4E9E030008DD9B /* Main.storyboard */; };
		7D4BC8C71D4E9E030008DD9B /* Assets.xcassets in Resources */ = {isa = PBXBuildFile; fileRef = 7D4BC8C61D4E9E030008DD9B /* Assets.xcassets */; };
		7D4BC8CA1D4E9E030008DD9B /* LaunchScreen.storyboard in Resources */ = {isa = PBXBuildFile; fileRef = 7D4BC8C81D4E9E030008DD9B /* LaunchScreen.storyboard */; };
		7D4BC8D51D4E9E030008DD9B /* PassTheLaughTests.swift in Sources */ = {isa = PBXBuildFile; fileRef = 7D4BC8D41D4E9E030008DD9B /* PassTheLaughTests.swift */; };
		7D4BC8E01D4E9E260008DD9B /* GoogleService-Info.plist in Resources */ = {isa = PBXBuildFile; fileRef = 7D4BC8DF1D4E9E260008DD9B /* GoogleService-Info.plist */; };
/* End PBXBuildFile section */

/* Begin PBXContainerItemProxy section */
		7D4BC8D11D4E9E030008DD9B /* PBXContainerItemProxy */ = {
			isa = PBXContainerItemProxy;
			containerPortal = 7D4BC8B41D4E9E030008DD9B /* Project object */;
			proxyType = 1;
			remoteGlobalIDString = 7D4BC8BB1D4E9E030008DD9B;
			remoteInfo = PassTheLaugh;
		};
/* End PBXContainerItemProxy section */

/* Begin PBXFileReference section */
		1BB3E81E633A4FEB1F8EA095 /* Pods-PassTheLaughTests.release.xcconfig */ = {isa = PBXFileReference; includeInIndex = 1; lastKnownFileType = text.xcconfig; name = "Pods-PassTheLaughTests.release.xcconfig"; path = "Pods/Target Support Files/Pods-PassTheLaughTests/Pods-PassTheLaughTests.release.xcconfig"; sourceTree = "<group>"; };
		22A4EB8C4B232E8FFB49BD8E /* Pods-PassTheLaughTests.debug.xcconfig */ = {isa = PBXFileReference; includeInIndex = 1; lastKnownFileType = text.xcconfig; name = "Pods-PassTheLaughTests.debug.xcconfig"; path = "Pods/Target Support Files/Pods-PassTheLaughTests/Pods-PassTheLaughTests.debug.xcconfig"; sourceTree = "<group>"; };
		3C8F27A2B083F224B7EA463E /* Pods-PassTheLaugh.release.xcconfig */ = {isa = PBXFileReference; includeInIndex = 1; lastKnownFileType = text.xcconfig; name = "Pods-PassTheLaugh.release.xcconfig"; path = "Pods/Target Support Files/Pods-PassTheLaugh/Pods-PassTheLaugh.release.xcconfig"; sourceTree = "<group>"; };
		54451268C645D5C42DF67EC2 /* Pods_PassTheLaugh.framework */ = {isa = PBXFileReference; explicitFileType = wrapper.framework; includeInIndex = 0; path = Pods_PassTheLaugh.framework; sourceTree = BUILT_PRODUCTS_DIR; };
		7D4BC8BC1D4E9E030008DD9B /* PassTheLaugh.app */ = {isa = PBXFileReference; explicitFileType = wrapper.application; includeInIndex = 0; path = PassTheLaugh.app; sourceTree = BUILT_PRODUCTS_DIR; };
		7D4BC8BF1D4E9E030008DD9B /* AppDelegate.swift */ = {isa = PBXFileReference; lastKnownFileType = sourcecode.swift; path = AppDelegate.swift; sourceTree = "<group>"; };
		7D4BC8C11D4E9E030008DD9B /* ViewController.swift */ = {isa = PBXFileReference; lastKnownFileType = sourcecode.swift; path = ViewController.swift; sourceTree = "<group>"; };
		7D4BC8C41D4E9E030008DD9B /* Base */ = {isa = PBXFileReference; lastKnownFileType = file.storyboard; name = Base; path = Base.lproj/Main.storyboard; sourceTree = "<group>"; };
		7D4BC8C61D4E9E030008DD9B /* Assets.xcassets */ = {isa = PBXFileReference; lastKnownFileType = folder.assetcatalog; path = Assets.xcassets; sourceTree = "<group>"; };
		7D4BC8C91D4E9E030008DD9B /* Base */ = {isa = PBXFileReference; lastKnownFileType = file.storyboard; name = Base; path = Base.lproj/LaunchScreen.storyboard; sourceTree = "<group>"; };
		7D4BC8CB1D4E9E030008DD9B /* Info.plist */ = {isa = PBXFileReference; lastKnownFileType = text.plist.xml; path = Info.plist; sourceTree = "<group>"; };
		7D4BC8D01D4E9E030008DD9B /* PassTheLaughTests.xctest */ = {isa = PBXFileReference; explicitFileType = wrapper.cfbundle; includeInIndex = 0; path = PassTheLaughTests.xctest; sourceTree = BUILT_PRODUCTS_DIR; };
		7D4BC8D41D4E9E030008DD9B /* PassTheLaughTests.swift */ = {isa = PBXFileReference; lastKnownFileType = sourcecode.swift; path = PassTheLaughTests.swift; sourceTree = "<group>"; };
		7D4BC8D61D4E9E030008DD9B /* Info.plist */ = {isa = PBXFileReference; lastKnownFileType = text.plist.xml; path = Info.plist; sourceTree = "<group>"; };
		7D4BC8DF1D4E9E260008DD9B /* GoogleService-Info.plist */ = {isa = PBXFileReference; fileEncoding = 4; lastKnownFileType = text.plist.xml; path = "GoogleService-Info.plist"; sourceTree = "<group>"; };
		B5BBFF9061CA6BCF1808EDD9 /* Pods_PassTheLaughTests.framework */ = {isa = PBXFileReference; explicitFileType = wrapper.framework; includeInIndex = 0; path = Pods_PassTheLaughTests.framework; sourceTree = BUILT_PRODUCTS_DIR; };
		F5B8ADC88CD74B119C5C71F1 /* Pods-PassTheLaugh.debug.xcconfig */ = {isa = PBXFileReference; includeInIndex = 1; lastKnownFileType = text.xcconfig; name = "Pods-PassTheLaugh.debug.xcconfig"; path = "Pods/Target Support Files/Pods-PassTheLaugh/Pods-PassTheLaugh.debug.xcconfig"; sourceTree = "<group>"; };
/* End PBXFileReference section */

/* Begin PBXFrameworksBuildPhase section */
		7D4BC8B91D4E9E030008DD9B /* Frameworks */ = {
			isa = PBXFrameworksBuildPhase;
			buildActionMask = 2147483647;
			files = (
				4F731745E3A25DD41BDCD1E1 /* Pods_PassTheLaugh.framework in Frameworks */,
			);
			runOnlyForDeploymentPostprocessing = 0;
		};
		7D4BC8CD1D4E9E030008DD9B /* Frameworks */ = {
			isa = PBXFrameworksBuildPhase;
			buildActionMask = 2147483647;
			files = (
				3D34590276EBA9B8F4B946CF /* Pods_PassTheLaughTests.framework in Frameworks */,
			);
			runOnlyForDeploymentPostprocessing = 0;
		};
/* End PBXFrameworksBuildPhase section */

/* Begin PBXGroup section */
		7D4BC8B31D4E9E030008DD9B = {
			isa = PBXGroup;
			children = (
				7D4BC8BE1D4E9E030008DD9B /* PassTheLaugh */,
				7D4BC8D31D4E9E030008DD9B /* PassTheLaughTests */,
				7D4BC8BD1D4E9E030008DD9B /* Products */,
				C890022707EAFEBB5A0EC091 /* Pods */,
				CAED278DD24595EBB15E4EA5 /* Frameworks */,
			);
			sourceTree = "<group>";
		};
		7D4BC8BD1D4E9E030008DD9B /* Products */ = {
			isa = PBXGroup;
			children = (
				7D4BC8BC1D4E9E030008DD9B /* PassTheLaugh.app */,
				7D4BC8D01D4E9E030008DD9B /* PassTheLaughTests.xctest */,
			);
			name = Products;
			sourceTree = "<group>";
		};
		7D4BC8BE1D4E9E030008DD9B /* PassTheLaugh */ = {
			isa = PBXGroup;
			children = (
				7D4BC8BF1D4E9E030008DD9B /* AppDelegate.swift */,
				7D4BC8C11D4E9E030008DD9B /* ViewController.swift */,
				7D4BC8C31D4E9E030008DD9B /* Main.storyboard */,
				7D4BC8C61D4E9E030008DD9B /* Assets.xcassets */,
				7D4BC8C81D4E9E030008DD9B /* LaunchScreen.storyboard */,
				7D4BC8CB1D4E9E030008DD9B /* Info.plist */,
				7D4BC8DF1D4E9E260008DD9B /* GoogleService-Info.plist */,
			);
			path = PassTheLaugh;
			sourceTree = "<group>";
		};
		7D4BC8D31D4E9E030008DD9B /* PassTheLaughTests */ = {
			isa = PBXGroup;
			children = (
				7D4BC8D41D4E9E030008DD9B /* PassTheLaughTests.swift */,
				7D4BC8D61D4E9E030008DD9B /* Info.plist */,
			);
			path = PassTheLaughTests;
			sourceTree = "<group>";
		};
		C890022707EAFEBB5A0EC091 /* Pods */ = {
			isa = PBXGroup;
			children = (
				F5B8ADC88CD74B119C5C71F1 /* Pods-PassTheLaugh.debug.xcconfig */,
				3C8F27A2B083F224B7EA463E /* Pods-PassTheLaugh.release.xcconfig */,
				22A4EB8C4B232E8FFB49BD8E /* Pods-PassTheLaughTests.debug.xcconfig */,
				1BB3E81E633A4FEB1F8EA095 /* Pods-PassTheLaughTests.release.xcconfig */,
			);
			name = Pods;
			sourceTree = "<group>";
		};
		CAED278DD24595EBB15E4EA5 /* Frameworks */ = {
			isa = PBXGroup;
			children = (
				54451268C645D5C42DF67EC2 /* Pods_PassTheLaugh.framework */,
				B5BBFF9061CA6BCF1808EDD9 /* Pods_PassTheLaughTests.framework */,
			);
			name = Frameworks;
			sourceTree = "<group>";
		};
/* End PBXGroup section */

/* Begin PBXNativeTarget section */
		7D4BC8BB1D4E9E030008DD9B /* PassTheLaugh */ = {
			isa = PBXNativeTarget;
			buildConfigurationList = 7D4BC8D91D4E9E030008DD9B /* Build configuration list for PBXNativeTarget "PassTheLaugh" */;
			buildPhases = (
				EEEC92E410862BB39F95A6BE /* [CP] Check Pods Manifest.lock */,
				7D4BC8B81D4E9E030008DD9B /* Sources */,
				7D4BC8B91D4E9E030008DD9B /* Frameworks */,
				7D4BC8BA1D4E9E030008DD9B /* Resources */,
				85584F26A9405517CA9FEA8D /* [CP] Embed Pods Frameworks */,
				9651CBD2070E47711D6E3D6F /* [CP] Copy Pods Resources */,
			);
			buildRules = (
			);
			dependencies = (
			);
			name = PassTheLaugh;
			productName = PassTheLaugh;
			productReference = 7D4BC8BC1D4E9E030008DD9B /* PassTheLaugh.app */;
			productType = "com.apple.product-type.application";
		};
		7D4BC8CF1D4E9E030008DD9B /* PassTheLaughTests */ = {
			isa = PBXNativeTarget;
			buildConfigurationList = 7D4BC8DC1D4E9E030008DD9B /* Build configuration list for PBXNativeTarget "PassTheLaughTests" */;
			buildPhases = (
				D4E876702804B7E01C8D97F5 /* [CP] Check Pods Manifest.lock */,
				7D4BC8CC1D4E9E030008DD9B /* Sources */,
				7D4BC8CD1D4E9E030008DD9B /* Frameworks */,
				7D4BC8CE1D4E9E030008DD9B /* Resources */,
				72B81C14FC98847E0398349B /* [CP] Embed Pods Frameworks */,
				C71620B1B85C32A9A2A9FDDB /* [CP] Copy Pods Resources */,
			);
			buildRules = (
			);
			dependencies = (
				7D4BC8D21D4E9E030008DD9B /* PBXTargetDependency */,
			);
			name = PassTheLaughTests;
			productName = PassTheLaughTests;
			productReference = 7D4BC8D01D4E9E030008DD9B /* PassTheLaughTests.xctest */;
			productType = "com.apple.product-type.bundle.unit-test";
		};
/* End PBXNativeTarget section */

/* Begin PBXProject section */
		7D4BC8B41D4E9E030008DD9B /* Project object */ = {
			isa = PBXProject;
			attributes = {
				LastSwiftUpdateCheck = 0730;
				LastUpgradeCheck = 0730;
				ORGANIZATIONNAME = "Gamesmith, LLC";
				TargetAttributes = {
					7D4BC8BB1D4E9E030008DD9B = {
						CreatedOnToolsVersion = 7.3.1;
					};
					7D4BC8CF1D4E9E030008DD9B = {
						CreatedOnToolsVersion = 7.3.1;
						TestTargetID = 7D4BC8BB1D4E9E030008DD9B;
					};
				};
			};
			buildConfigurationList = 7D4BC8B71D4E9E030008DD9B /* Build configuration list for PBXProject "PassTheLaugh" */;
			compatibilityVersion = "Xcode 3.2";
			developmentRegion = English;
			hasScannedForEncodings = 0;
			knownRegions = (
				en,
				Base,
			);
			mainGroup = 7D4BC8B31D4E9E030008DD9B;
			productRefGroup = 7D4BC8BD1D4E9E030008DD9B /* Products */;
			projectDirPath = "";
			projectRoot = "";
			targets = (
				7D4BC8BB1D4E9E030008DD9B /* PassTheLaugh */,
				7D4BC8CF1D4E9E030008DD9B /* PassTheLaughTests */,
			);
		};
/* End PBXProject section */

/* Begin PBXResourcesBuildPhase section */
		7D4BC8BA1D4E9E030008DD9B /* Resources */ = {
			isa = PBXResourcesBuildPhase;
			buildActionMask = 2147483647;
			files = (
				7D4BC8CA1D4E9E030008DD9B /* LaunchScreen.storyboard in Resources */,
				7D4BC8E01D4E9E260008DD9B /* GoogleService-Info.plist in Resources */,
				7D4BC8C71D4E9E030008DD9B /* Assets.xcassets in Resources */,
				7D4BC8C51D4E9E030008DD9B /* Main.storyboard in Resources */,
			);
			runOnlyForDeploymentPostprocessing = 0;
		};
		7D4BC8CE1D4E9E030008DD9B /* Resources */ = {
			isa = PBXResourcesBuildPhase;
			buildActionMask = 2147483647;
			files = (
			);
			runOnlyForDeploymentPostprocessing = 0;
		};
/* End PBXResourcesBuildPhase section */

/* Begin PBXShellScriptBuildPhase section */
		72B81C14FC98847E0398349B /* [CP] Embed Pods Frameworks */ = {
			isa = PBXShellScriptBuildPhase;
			buildActionMask = 2147483647;
			files = (
			);
			inputPaths = (
			);
			name = "[CP] Embed Pods Frameworks";
			outputPaths = (
			);
			runOnlyForDeploymentPostprocessing = 0;
			shellPath = /bin/sh;
			shellScript = "\"${SRCROOT}/Pods/Target Support Files/Pods-PassTheLaughTests/Pods-PassTheLaughTests-frameworks.sh\"\n";
			showEnvVarsInLog = 0;
		};
		85584F26A9405517CA9FEA8D /* [CP] Embed Pods Frameworks */ = {
			isa = PBXShellScriptBuildPhase;
			buildActionMask = 2147483647;
			files = (
			);
			inputPaths = (
			);
			name = "[CP] Embed Pods Frameworks";
			outputPaths = (
			);
			runOnlyForDeploymentPostprocessing = 0;
			shellPath = /bin/sh;
			shellScript = "\"${SRCROOT}/Pods/Target Support Files/Pods-PassTheLaugh/Pods-PassTheLaugh-frameworks.sh\"\n";
			showEnvVarsInLog = 0;
		};
		9651CBD2070E47711D6E3D6F /* [CP] Copy Pods Resources */ = {
			isa = PBXShellScriptBuildPhase;
			buildActionMask = 2147483647;
			files = (
			);
			inputPaths = (
			);
			name = "[CP] Copy Pods Resources";
			outputPaths = (
			);
			runOnlyForDeploymentPostprocessing = 0;
			shellPath = /bin/sh;
			shellScript = "\"${SRCROOT}/Pods/Target Support Files/Pods-PassTheLaugh/Pods-PassTheLaugh-resources.sh\"\n";
			showEnvVarsInLog = 0;
		};
		C71620B1B85C32A9A2A9FDDB /* [CP] Copy Pods Resources */ = {
			isa = PBXShellScriptBuildPhase;
			buildActionMask = 2147483647;
			files = (
			);
			inputPaths = (
			);
			name = "[CP] Copy Pods Resources";
			outputPaths = (
			);
			runOnlyForDeploymentPostprocessing = 0;
			shellPath = /bin/sh;
			shellScript = "\"${SRCROOT}/Pods/Target Support Files/Pods-PassTheLaughTests/Pods-PassTheLaughTests-resources.sh\"\n";
			showEnvVarsInLog = 0;
		};
		D4E876702804B7E01C8D97F5 /* [CP] Check Pods Manifest.lock */ = {
			isa = PBXShellScriptBuildPhase;
			buildActionMask = 2147483647;
			files = (
			);
			inputPaths = (
			);
			name = "[CP] Check Pods Manifest.lock";
			outputPaths = (
			);
			runOnlyForDeploymentPostprocessing = 0;
			shellPath = /bin/sh;
			shellScript = "diff \"${PODS_ROOT}/../Podfile.lock\" \"${PODS_ROOT}/Manifest.lock\" > /dev/null\nif [[ $? != 0 ]] ; then\n    cat << EOM\nerror: The sandbox is not in sync with the Podfile.lock. Run 'pod install' or update your CocoaPods installation.\nEOM\n    exit 1\nfi\n";
			showEnvVarsInLog = 0;
		};
		EEEC92E410862BB39F95A6BE /* [CP] Check Pods Manifest.lock */ = {
			isa = PBXShellScriptBuildPhase;
			buildActionMask = 2147483647;
			files = (
			);
			inputPaths = (
			);
			name = "[CP] Check Pods Manifest.lock";
			outputPaths = (
			);
			runOnlyForDeploymentPostprocessing = 0;
			shellPath = /bin/sh;
			shellScript = "diff \"${PODS_ROOT}/../Podfile.lock\" \"${PODS_ROOT}/Manifest.lock\" > /dev/null\nif [[ $? != 0 ]] ; then\n    cat << EOM\nerror: The sandbox is not in sync with the Podfile.lock. Run 'pod install' or update your CocoaPods installation.\nEOM\n    exit 1\nfi\n";
			showEnvVarsInLog = 0;
		};
/* End PBXShellScriptBuildPhase section */

/* Begin PBXSourcesBuildPhase section */
		7D4BC8B81D4E9E030008DD9B /* Sources */ = {
			isa = PBXSourcesBuildPhase;
			buildActionMask = 2147483647;
			files = (
				7D4BC8C21D4E9E030008DD9B /* ViewController.swift in Sources */,
				7D4BC8C01D4E9E030008DD9B /* AppDelegate.swift in Sources */,
			);
			runOnlyForDeploymentPostprocessing = 0;
		};
		7D4BC8CC1D4E9E030008DD9B /* Sources */ = {
			isa = PBXSourcesBuildPhase;
			buildActionMask = 2147483647;
			files = (
				7D4BC8D51D4E9E030008DD9B /* PassTheLaughTests.swift in Sources */,
			);
			runOnlyForDeploymentPostprocessing = 0;
		};
/* End PBXSourcesBuildPhase section */

/* Begin PBXTargetDependency section */
		7D4BC8D21D4E9E030008DD9B /* PBXTargetDependency */ = {
			isa = PBXTargetDependency;
			target = 7D4BC8BB1D4E9E030008DD9B /* PassTheLaugh */;
			targetProxy = 7D4BC8D11D4E9E030008DD9B /* PBXContainerItemProxy */;
		};
/* End PBXTargetDependency section */

/* Begin PBXVariantGroup section */
		7D4BC8C31D4E9E030008DD9B /* Main.storyboard */ = {
			isa = PBXVariantGroup;
			children = (
				7D4BC8C41D4E9E030008DD9B /* Base */,
			);
			name = Main.storyboard;
			sourceTree = "<group>";
		};
		7D4BC8C81D4E9E030008DD9B /* LaunchScreen.storyboard */ = {
			isa = PBXVariantGroup;
			children = (
				7D4BC8C91D4E9E030008DD9B /* Base */,
			);
			name = LaunchScreen.storyboard;
			sourceTree = "<group>";
		};
/* End PBXVariantGroup section */

/* Begin XCBuildConfiguration section */
		7D4BC8D71D4E9E030008DD9B /* Debug */ = {
			isa = XCBuildConfiguration;
			buildSettings = {
				ALWAYS_SEARCH_USER_PATHS = NO;
				CLANG_ANALYZER_NONNULL = YES;
				CLANG_CXX_LANGUAGE_STANDARD = "gnu++0x";
				CLANG_CXX_LIBRARY = "libc++";
				CLANG_ENABLE_MODULES = YES;
				CLANG_ENABLE_OBJC_ARC = YES;
				CLANG_WARN_BOOL_CONVERSION = YES;
				CLANG_WARN_CONSTANT_CONVERSION = YES;
				CLANG_WARN_DIRECT_OBJC_ISA_USAGE = YES_ERROR;
				CLANG_WARN_EMPTY_BODY = YES;
				CLANG_WARN_ENUM_CONVERSION = YES;
				CLANG_WARN_INT_CONVERSION = YES;
				CLANG_WARN_OBJC_ROOT_CLASS = YES_ERROR;
				CLANG_WARN_UNREACHABLE_CODE = YES;
				CLANG_WARN__DUPLICATE_METHOD_MATCH = YES;
				"CODE_SIGN_IDENTITY[sdk=iphoneos*]" = "iPhone Developer";
				COPY_PHASE_STRIP = NO;
				DEBUG_INFORMATION_FORMAT = dwarf;
				ENABLE_STRICT_OBJC_MSGSEND = YES;
				ENABLE_TESTABILITY = YES;
				GCC_C_LANGUAGE_STANDARD = gnu99;
				GCC_DYNAMIC_NO_PIC = NO;
				GCC_NO_COMMON_BLOCKS = YES;
				GCC_OPTIMIZATION_LEVEL = 0;
				GCC_PREPROCESSOR_DEFINITIONS = (
					"DEBUG=1",
					"$(inherited)",
				);
				GCC_WARN_64_TO_32_BIT_CONVERSION = YES;
				GCC_WARN_ABOUT_RETURN_TYPE = YES_ERROR;
				GCC_WARN_UNDECLARED_SELECTOR = YES;
				GCC_WARN_UNINITIALIZED_AUTOS = YES_AGGRESSIVE;
				GCC_WARN_UNUSED_FUNCTION = YES;
				GCC_WARN_UNUSED_VARIABLE = YES;
				IPHONEOS_DEPLOYMENT_TARGET = 9.3;
				MTL_ENABLE_DEBUG_INFO = YES;
				ONLY_ACTIVE_ARCH = YES;
				SDKROOT = iphoneos;
				SWIFT_OPTIMIZATION_LEVEL = "-Onone";
			};
			name = Debug;
		};
		7D4BC8D81D4E9E030008DD9B /* Release */ = {
			isa = XCBuildConfiguration;
			buildSettings = {
				ALWAYS_SEARCH_USER_PATHS = NO;
				CLANG_ANALYZER_NONNULL = YES;
				CLANG_CXX_LANGUAGE_STANDARD = "gnu++0x";
				CLANG_CXX_LIBRARY = "libc++";
				CLANG_ENABLE_MODULES = YES;
				CLANG_ENABLE_OBJC_ARC = YES;
				CLANG_WARN_BOOL_CONVERSION = YES;
				CLANG_WARN_CONSTANT_CONVERSION = YES;
				CLANG_WARN_DIRECT_OBJC_ISA_USAGE = YES_ERROR;
				CLANG_WARN_EMPTY_BODY = YES;
				CLANG_WARN_ENUM_CONVERSION = YES;
				CLANG_WARN_INT_CONVERSION = YES;
				CLANG_WARN_OBJC_ROOT_CLASS = YES_ERROR;
				CLANG_WARN_UNREACHABLE_CODE = YES;
				CLANG_WARN__DUPLICATE_METHOD_MATCH = YES;
				"CODE_SIGN_IDENTITY[sdk=iphoneos*]" = "iPhone Developer";
				COPY_PHASE_STRIP = NO;
				DEBUG_INFORMATION_FORMAT = "dwarf-with-dsym";
				ENABLE_NS_ASSERTIONS = NO;
				ENABLE_STRICT_OBJC_MSGSEND = YES;
				GCC_C_LANGUAGE_STANDARD = gnu99;
				GCC_NO_COMMON_BLOCKS = YES;
				GCC_WARN_64_TO_32_BIT_CONVERSION = YES;
				GCC_WARN_ABOUT_RETURN_TYPE = YES_ERROR;
				GCC_WARN_UNDECLARED_SELECTOR = YES;
				GCC_WARN_UNINITIALIZED_AUTOS = YES_AGGRESSIVE;
				GCC_WARN_UNUSED_FUNCTION = YES;
				GCC_WARN_UNUSED_VARIABLE = YES;
				IPHONEOS_DEPLOYMENT_TARGET = 9.3;
				MTL_ENABLE_DEBUG_INFO = NO;
				SDKROOT = iphoneos;
				VALIDATE_PRODUCT = YES;
			};
			name = Release;
		};
		7D4BC8DA1D4E9E030008DD9B /* Debug */ = {
			isa = XCBuildConfiguration;
			baseConfigurationReference = F5B8ADC88CD74B119C5C71F1 /* Pods-PassTheLaugh.debug.xcconfig */;
			buildSettings = {
				ASSETCATALOG_COMPILER_APPICON_NAME = AppIcon;
				INFOPLIST_FILE = PassTheLaugh/Info.plist;
				LD_RUNPATH_SEARCH_PATHS = "$(inherited) @executable_path/Frameworks";
				PRODUCT_BUNDLE_IDENTIFIER = com.Gamesmith.Swift.PassTheLaugh;
				PRODUCT_NAME = "$(TARGET_NAME)";
			};
			name = Debug;
		};
		7D4BC8DB1D4E9E030008DD9B /* Release */ = {
			isa = XCBuildConfiguration;
			baseConfigurationReference = 3C8F27A2B083F224B7EA463E /* Pods-PassTheLaugh.release.xcconfig */;
			buildSettings = {
				ASSETCATALOG_COMPILER_APPICON_NAME = AppIcon;
				INFOPLIST_FILE = PassTheLaugh/Info.plist;
				LD_RUNPATH_SEARCH_PATHS = "$(inherited) @executable_path/Frameworks";
				PRODUCT_BUNDLE_IDENTIFIER = com.Gamesmith.Swift.PassTheLaugh;
				PRODUCT_NAME = "$(TARGET_NAME)";
			};
			name = Release;
		};
		7D4BC8DD1D4E9E030008DD9B /* Debug */ = {
			isa = XCBuildConfiguration;
			baseConfigurationReference = 22A4EB8C4B232E8FFB49BD8E /* Pods-PassTheLaughTests.debug.xcconfig */;
			buildSettings = {
				BUNDLE_LOADER = "$(TEST_HOST)";
				INFOPLIST_FILE = PassTheLaughTests/Info.plist;
				LD_RUNPATH_SEARCH_PATHS = "$(inherited) @executable_path/Frameworks @loader_path/Frameworks";
				PRODUCT_BUNDLE_IDENTIFIER = com.Gamesmith.Swift.PassTheLaughTests;
				PRODUCT_NAME = "$(TARGET_NAME)";
				TEST_HOST = "$(BUILT_PRODUCTS_DIR)/PassTheLaugh.app/PassTheLaugh";
			};
			name = Debug;
		};
		7D4BC8DE1D4E9E030008DD9B /* Release */ = {
			isa = XCBuildConfiguration;
			baseConfigurationReference = 1BB3E81E633A4FEB1F8EA095 /* Pods-PassTheLaughTests.release.xcconfig */;
			buildSettings = {
				BUNDLE_LOADER = "$(TEST_HOST)";
				INFOPLIST_FILE = PassTheLaughTests/Info.plist;
				LD_RUNPATH_SEARCH_PATHS = "$(inherited) @executable_path/Frameworks @loader_path/Frameworks";
				PRODUCT_BUNDLE_IDENTIFIER = com.Gamesmith.Swift.PassTheLaughTests;
				PRODUCT_NAME = "$(TARGET_NAME)";
				TEST_HOST = "$(BUILT_PRODUCTS_DIR)/PassTheLaugh.app/PassTheLaugh";
			};
			name = Release;
		};
/* End XCBuildConfiguration section */

/* Begin XCConfigurationList section */
		7D4BC8B71D4E9E030008DD9B /* Build configuration list for PBXProject "PassTheLaugh" */ = {
			isa = XCConfigurationList;
			buildConfigurations = (
				7D4BC8D71D4E9E030008DD9B /* Debug */,
				7D4BC8D81D4E9E030008DD9B /* Release */,
			);
			defaultConfigurationIsVisible = 0;
			defaultConfigurationName = Release;
		};
		7D4BC8D91D4E9E030008DD9B /* Build configuration list for PBXNativeTarget "PassTheLaugh" */ = {
			isa = XCConfigurationList;
			buildConfigurations = (
				7D4BC8DA1D4E9E030008DD9B /* Debug */,
				7D4BC8DB1D4E9E030008DD9B /* Release */,
			);
			defaultConfigurationIsVisible = 0;
			defaultConfigurationName = Release;
		};
		7D4BC8DC1D4E9E030008DD9B /* Build configuration list for PBXNativeTarget "PassTheLaughTests" */ = {
			isa = XCConfigurationList;
			buildConfigurations = (
				7D4BC8DD1D4E9E030008DD9B /* Debug */,
				7D4BC8DE1D4E9E030008DD9B /* Release */,
			);
			defaultConfigurationIsVisible = 0;
			defaultConfigurationName = Release;
		};
/* End XCConfigurationList section */
	};
	rootObject = 7D4BC8B41D4E9E030008DD9B /* Project object */;
}
